// !$*UTF8*$!
{
	archiveVersion = 1;
	classes = {
	};
	objectVersion = 77;
	objects = {

/* Begin PBXContainerItemProxy section */
		927DC9EF2CC1609E00E3C9AA /* PBXContainerItemProxy */ = {
			isa = PBXContainerItemProxy;
			containerPortal = 927DC9D62CC1609D00E3C9AA /* Project object */;
			proxyType = 1;
			remoteGlobalIDString = 927DC9DD2CC1609D00E3C9AA;
			remoteInfo = "SwiftUI-superHero";
		};
		927DC9F92CC1609E00E3C9AA /* PBXContainerItemProxy */ = {
			isa = PBXContainerItemProxy;
			containerPortal = 927DC9D62CC1609D00E3C9AA /* Project object */;
			proxyType = 1;
			remoteGlobalIDString = 927DC9DD2CC1609D00E3C9AA;
			remoteInfo = "SwiftUI-superHero";
		};
/* End PBXContainerItemProxy section */

/* Begin PBXFileReference section */
		927DC9DE2CC1609D00E3C9AA /* SwiftUI-superHero.app */ = {isa = PBXFileReference; explicitFileType = wrapper.application; includeInIndex = 0; path = "SwiftUI-superHero.app"; sourceTree = BUILT_PRODUCTS_DIR; };
		927DC9EE2CC1609E00E3C9AA /* SwiftUI-superHeroTests.xctest */ = {isa = PBXFileReference; explicitFileType = wrapper.cfbundle; includeInIndex = 0; path = "SwiftUI-superHeroTests.xctest"; sourceTree = BUILT_PRODUCTS_DIR; };
		927DC9F82CC1609E00E3C9AA /* SwiftUI-superHeroUITests.xctest */ = {isa = PBXFileReference; explicitFileType = wrapper.cfbundle; includeInIndex = 0; path = "SwiftUI-superHeroUITests.xctest"; sourceTree = BUILT_PRODUCTS_DIR; };
/* End PBXFileReference section */

/* Begin PBXFileSystemSynchronizedRootGroup section */
		927DC9E02CC1609D00E3C9AA /* SwiftUI-superHero */ = {
			isa = PBXFileSystemSynchronizedRootGroup;
			path = "SwiftUI-superHero";
			sourceTree = "<group>";
		};
		927DC9F12CC1609E00E3C9AA /* SwiftUI-superHeroTests */ = {
			isa = PBXFileSystemSynchronizedRootGroup;
			path = "SwiftUI-superHeroTests";
			sourceTree = "<group>";
		};
		927DC9FB2CC1609E00E3C9AA /* SwiftUI-superHeroUITests */ = {
			isa = PBXFileSystemSynchronizedRootGroup;
			path = "SwiftUI-superHeroUITests";
			sourceTree = "<group>";
		};
/* End PBXFileSystemSynchronizedRootGroup section */

/* Begin PBXFrameworksBuildPhase section */
		927DC9DB2CC1609D00E3C9AA /* Frameworks */ = {
			isa = PBXFrameworksBuildPhase;
			buildActionMask = 2147483647;
			files = (
			);
			runOnlyForDeploymentPostprocessing = 0;
		};
		927DC9EB2CC1609E00E3C9AA /* Frameworks */ = {
			isa = PBXFrameworksBuildPhase;
			buildActionMask = 2147483647;
			files = (
			);
			runOnlyForDeploymentPostprocessing = 0;
		};
		927DC9F52CC1609E00E3C9AA /* Frameworks */ = {
			isa = PBXFrameworksBuildPhase;
			buildActionMask = 2147483647;
			files = (
			);
			runOnlyForDeploymentPostprocessing = 0;
		};
/* End PBXFrameworksBuildPhase section */

/* Begin PBXGroup section */
		927DC9D52CC1609D00E3C9AA = {
			isa = PBXGroup;
			children = (
				927DC9E02CC1609D00E3C9AA /* SwiftUI-superHero */,
				927DC9F12CC1609E00E3C9AA /* SwiftUI-superHeroTests */,
				927DC9FB2CC1609E00E3C9AA /* SwiftUI-superHeroUITests */,
				927DC9DF2CC1609D00E3C9AA /* Products */,
			);
			sourceTree = "<group>";
		};
		927DC9DF2CC1609D00E3C9AA /* Products */ = {
			isa = PBXGroup;
			children = (
				927DC9DE2CC1609D00E3C9AA /* SwiftUI-superHero.app */,
				927DC9EE2CC1609E00E3C9AA /* SwiftUI-superHeroTests.xctest */,
				927DC9F82CC1609E00E3C9AA /* SwiftUI-superHeroUITests.xctest */,
			);
			name = Products;
			sourceTree = "<group>";
		};
/* End PBXGroup section */

/* Begin PBXNativeTarget section */
		927DC9DD2CC1609D00E3C9AA /* SwiftUI-superHero */ = {
			isa = PBXNativeTarget;
			buildConfigurationList = 927DCA022CC1609E00E3C9AA /* Build configuration list for PBXNativeTarget "SwiftUI-superHero" */;
			buildPhases = (
				927DC9DA2CC1609D00E3C9AA /* Sources */,
				927DC9DB2CC1609D00E3C9AA /* Frameworks */,
				927DC9DC2CC1609D00E3C9AA /* Resources */,
			);
			buildRules = (
			);
			dependencies = (
			);
			fileSystemSynchronizedGroups = (
				927DC9E02CC1609D00E3C9AA /* SwiftUI-superHero */,
			);
			name = "SwiftUI-superHero";
			packageProductDependencies = (
			);
			productName = "SwiftUI-superHero";
			productReference = 927DC9DE2CC1609D00E3C9AA /* SwiftUI-superHero.app */;
			productType = "com.apple.product-type.application";
		};
		927DC9ED2CC1609E00E3C9AA /* SwiftUI-superHeroTests */ = {
			isa = PBXNativeTarget;
			buildConfigurationList = 927DCA052CC1609E00E3C9AA /* Build configuration list for PBXNativeTarget "SwiftUI-superHeroTests" */;
			buildPhases = (
				927DC9EA2CC1609E00E3C9AA /* Sources */,
				927DC9EB2CC1609E00E3C9AA /* Frameworks */,
				927DC9EC2CC1609E00E3C9AA /* Resources */,
			);
			buildRules = (
			);
			dependencies = (
				927DC9F02CC1609E00E3C9AA /* PBXTargetDependency */,
			);
			fileSystemSynchronizedGroups = (
				927DC9F12CC1609E00E3C9AA /* SwiftUI-superHeroTests */,
			);
			name = "SwiftUI-superHeroTests";
			packageProductDependencies = (
			);
			productName = "SwiftUI-superHeroTests";
			productReference = 927DC9EE2CC1609E00E3C9AA /* SwiftUI-superHeroTests.xctest */;
			productType = "com.apple.product-type.bundle.unit-test";
		};
		927DC9F72CC1609E00E3C9AA /* SwiftUI-superHeroUITests */ = {
			isa = PBXNativeTarget;
			buildConfigurationList = 927DCA082CC1609E00E3C9AA /* Build configuration list for PBXNativeTarget "SwiftUI-superHeroUITests" */;
			buildPhases = (
				927DC9F42CC1609E00E3C9AA /* Sources */,
				927DC9F52CC1609E00E3C9AA /* Frameworks */,
				927DC9F62CC1609E00E3C9AA /* Resources */,
			);
			buildRules = (
			);
			dependencies = (
				927DC9FA2CC1609E00E3C9AA /* PBXTargetDependency */,
			);
			fileSystemSynchronizedGroups = (
				927DC9FB2CC1609E00E3C9AA /* SwiftUI-superHeroUITests */,
			);
			name = "SwiftUI-superHeroUITests";
			packageProductDependencies = (
			);
			productName = "SwiftUI-superHeroUITests";
			productReference = 927DC9F82CC1609E00E3C9AA /* SwiftUI-superHeroUITests.xctest */;
			productType = "com.apple.product-type.bundle.ui-testing";
		};
/* End PBXNativeTarget section */

/* Begin PBXProject section */
		927DC9D62CC1609D00E3C9AA /* Project object */ = {
			isa = PBXProject;
			attributes = {
				BuildIndependentTargetsInParallel = 1;
				LastSwiftUpdateCheck = 1600;
				LastUpgradeCheck = 1600;
				TargetAttributes = {
					927DC9DD2CC1609D00E3C9AA = {
						CreatedOnToolsVersion = 16.0;
					};
					927DC9ED2CC1609E00E3C9AA = {
						CreatedOnToolsVersion = 16.0;
						TestTargetID = 927DC9DD2CC1609D00E3C9AA;
					};
					927DC9F72CC1609E00E3C9AA = {
						CreatedOnToolsVersion = 16.0;
						TestTargetID = 927DC9DD2CC1609D00E3C9AA;
					};
				};
			};
			buildConfigurationList = 927DC9D92CC1609D00E3C9AA /* Build configuration list for PBXProject "SwiftUI-superHero" */;
			developmentRegion = en;
			hasScannedForEncodings = 0;
			knownRegions = (
				en,
				Base,
			);
			mainGroup = 927DC9D52CC1609D00E3C9AA;
			minimizedProjectReferenceProxies = 1;
			preferredProjectObjectVersion = 77;
			productRefGroup = 927DC9DF2CC1609D00E3C9AA /* Products */;
			projectDirPath = "";
			projectRoot = "";
			targets = (
				927DC9DD2CC1609D00E3C9AA /* SwiftUI-superHero */,
				927DC9ED2CC1609E00E3C9AA /* SwiftUI-superHeroTests */,
				927DC9F72CC1609E00E3C9AA /* SwiftUI-superHeroUITests */,
			);
		};
/* End PBXProject section */

/* Begin PBXResourcesBuildPhase section */
		927DC9DC2CC1609D00E3C9AA /* Resources */ = {
			isa = PBXResourcesBuildPhase;
			buildActionMask = 2147483647;
			files = (
			);
			runOnlyForDeploymentPostprocessing = 0;
		};
		927DC9EC2CC1609E00E3C9AA /* Resources */ = {
			isa = PBXResourcesBuildPhase;
			buildActionMask = 2147483647;
			files = (
			);
			runOnlyForDeploymentPostprocessing = 0;
		};
		927DC9F62CC1609E00E3C9AA /* Resources */ = {
			isa = PBXResourcesBuildPhase;
			buildActionMask = 2147483647;
			files = (
			);
			runOnlyForDeploymentPostprocessing = 0;
		};
/* End PBXResourcesBuildPhase section */

/* Begin PBXSourcesBuildPhase section */
		927DC9DA2CC1609D00E3C9AA /* Sources */ = {
			isa = PBXSourcesBuildPhase;
			buildActionMask = 2147483647;
			files = (
			);
			runOnlyForDeploymentPostprocessing = 0;
		};
		927DC9EA2CC1609E00E3C9AA /* Sources */ = {
			isa = PBXSourcesBuildPhase;
			buildActionMask = 2147483647;
			files = (
			);
			runOnlyForDeploymentPostprocessing = 0;
		};
		927DC9F42CC1609E00E3C9AA /* Sources */ = {
			isa = PBXSourcesBuildPhase;
			buildActionMask = 2147483647;
			files = (
			);
			runOnlyForDeploymentPostprocessing = 0;
		};
/* End PBXSourcesBuildPhase section */

/* Begin PBXTargetDependency section */
		927DC9F02CC1609E00E3C9AA /* PBXTargetDependency */ = {
			isa = PBXTargetDependency;
			target = 927DC9DD2CC1609D00E3C9AA /* SwiftUI-superHero */;
			targetProxy = 927DC9EF2CC1609E00E3C9AA /* PBXContainerItemProxy */;
		};
		927DC9FA2CC1609E00E3C9AA /* PBXTargetDependency */ = {
			isa = PBXTargetDependency;
			target = 927DC9DD2CC1609D00E3C9AA /* SwiftUI-superHero */;
			targetProxy = 927DC9F92CC1609E00E3C9AA /* PBXContainerItemProxy */;
		};
/* End PBXTargetDependency section */

/* Begin XCBuildConfiguration section */
		927DCA002CC1609E00E3C9AA /* Debug */ = {
			isa = XCBuildConfiguration;
			buildSettings = {
				ALWAYS_SEARCH_USER_PATHS = NO;
				ASSETCATALOG_COMPILER_GENERATE_SWIFT_ASSET_SYMBOL_EXTENSIONS = YES;
				CLANG_ANALYZER_NONNULL = YES;
				CLANG_ANALYZER_NUMBER_OBJECT_CONVERSION = YES_AGGRESSIVE;
				CLANG_CXX_LANGUAGE_STANDARD = "gnu++20";
				CLANG_ENABLE_MODULES = YES;
				CLANG_ENABLE_OBJC_ARC = YES;
				CLANG_ENABLE_OBJC_WEAK = YES;
				CLANG_WARN_BLOCK_CAPTURE_AUTORELEASING = YES;
				CLANG_WARN_BOOL_CONVERSION = YES;
				CLANG_WARN_COMMA = YES;
				CLANG_WARN_CONSTANT_CONVERSION = YES;
				CLANG_WARN_DEPRECATED_OBJC_IMPLEMENTATIONS = YES;
				CLANG_WARN_DIRECT_OBJC_ISA_USAGE = YES_ERROR;
				CLANG_WARN_DOCUMENTATION_COMMENTS = YES;
				CLANG_WARN_EMPTY_BODY = YES;
				CLANG_WARN_ENUM_CONVERSION = YES;
				CLANG_WARN_INFINITE_RECURSION = YES;
				CLANG_WARN_INT_CONVERSION = YES;
				CLANG_WARN_NON_LITERAL_NULL_CONVERSION = YES;
				CLANG_WARN_OBJC_IMPLICIT_RETAIN_SELF = YES;
				CLANG_WARN_OBJC_LITERAL_CONVERSION = YES;
				CLANG_WARN_OBJC_ROOT_CLASS = YES_ERROR;
				CLANG_WARN_QUOTED_INCLUDE_IN_FRAMEWORK_HEADER = YES;
				CLANG_WARN_RANGE_LOOP_ANALYSIS = YES;
				CLANG_WARN_STRICT_PROTOTYPES = YES;
				CLANG_WARN_SUSPICIOUS_MOVE = YES;
				CLANG_WARN_UNGUARDED_AVAILABILITY = YES_AGGRESSIVE;
				CLANG_WARN_UNREACHABLE_CODE = YES;
				CLANG_WARN__DUPLICATE_METHOD_MATCH = YES;
				COPY_PHASE_STRIP = NO;
				DEBUG_INFORMATION_FORMAT = dwarf;
				ENABLE_STRICT_OBJC_MSGSEND = YES;
				ENABLE_TESTABILITY = YES;
				ENABLE_USER_SCRIPT_SANDBOXING = YES;
				GCC_C_LANGUAGE_STANDARD = gnu17;
				GCC_DYNAMIC_NO_PIC = NO;
				GCC_NO_COMMON_BLOCKS = YES;
				GCC_OPTIMIZATION_LEVEL = 0;
				GCC_PREPROCESSOR_DEFINITIONS = (
					"DEBUG=1",
					"$(inherited)",
				);
				GCC_WARN_64_TO_32_BIT_CONVERSION = YES;
				GCC_WARN_ABOUT_RETURN_TYPE = YES_ERROR;
				GCC_WARN_UNDECLARED_SELECTOR = YES;
				GCC_WARN_UNINITIALIZED_AUTOS = YES_AGGRESSIVE;
				GCC_WARN_UNUSED_FUNCTION = YES;
				GCC_WARN_UNUSED_VARIABLE = YES;
				IPHONEOS_DEPLOYMENT_TARGET = 18.0;
				LOCALIZATION_PREFERS_STRING_CATALOGS = YES;
				MTL_ENABLE_DEBUG_INFO = INCLUDE_SOURCE;
				MTL_FAST_MATH = YES;
				ONLY_ACTIVE_ARCH = YES;
				SDKROOT = iphoneos;
				SWIFT_ACTIVE_COMPILATION_CONDITIONS = "DEBUG $(inherited)";
				SWIFT_OPTIMIZATION_LEVEL = "-Onone";
			};
			name = Debug;
		};
		927DCA012CC1609E00E3C9AA /* Release */ = {
			isa = XCBuildConfiguration;
			buildSettings = {
				ALWAYS_SEARCH_USER_PATHS = NO;
				ASSETCATALOG_COMPILER_GENERATE_SWIFT_ASSET_SYMBOL_EXTENSIONS = YES;
				CLANG_ANALYZER_NONNULL = YES;
				CLANG_ANALYZER_NUMBER_OBJECT_CONVERSION = YES_AGGRESSIVE;
				CLANG_CXX_LANGUAGE_STANDARD = "gnu++20";
				CLANG_ENABLE_MODULES = YES;
				CLANG_ENABLE_OBJC_ARC = YES;
				CLANG_ENABLE_OBJC_WEAK = YES;
				CLANG_WARN_BLOCK_CAPTURE_AUTORELEASING = YES;
				CLANG_WARN_BOOL_CONVERSION = YES;
				CLANG_WARN_COMMA = YES;
				CLANG_WARN_CONSTANT_CONVERSION = YES;
				CLANG_WARN_DEPRECATED_OBJC_IMPLEMENTATIONS = YES;
				CLANG_WARN_DIRECT_OBJC_ISA_USAGE = YES_ERROR;
				CLANG_WARN_DOCUMENTATION_COMMENTS = YES;
				CLANG_WARN_EMPTY_BODY = YES;
				CLANG_WARN_ENUM_CONVERSION = YES;
				CLANG_WARN_INFINITE_RECURSION = YES;
				CLANG_WARN_INT_CONVERSION = YES;
				CLANG_WARN_NON_LITERAL_NULL_CONVERSION = YES;
				CLANG_WARN_OBJC_IMPLICIT_RETAIN_SELF = YES;
				CLANG_WARN_OBJC_LITERAL_CONVERSION = YES;
				CLANG_WARN_OBJC_ROOT_CLASS = YES_ERROR;
				CLANG_WARN_QUOTED_INCLUDE_IN_FRAMEWORK_HEADER = YES;
				CLANG_WARN_RANGE_LOOP_ANALYSIS = YES;
				CLANG_WARN_STRICT_PROTOTYPES = YES;
				CLANG_WARN_SUSPICIOUS_MOVE = YES;
				CLANG_WARN_UNGUARDED_AVAILABILITY = YES_AGGRESSIVE;
				CLANG_WARN_UNREACHABLE_CODE = YES;
				CLANG_WARN__DUPLICATE_METHOD_MATCH = YES;
				COPY_PHASE_STRIP = NO;
				DEBUG_INFORMATION_FORMAT = "dwarf-with-dsym";
				ENABLE_NS_ASSERTIONS = NO;
				ENABLE_STRICT_OBJC_MSGSEND = YES;
				ENABLE_USER_SCRIPT_SANDBOXING = YES;
				GCC_C_LANGUAGE_STANDARD = gnu17;
				GCC_NO_COMMON_BLOCKS = YES;
				GCC_WARN_64_TO_32_BIT_CONVERSION = YES;
				GCC_WARN_ABOUT_RETURN_TYPE = YES_ERROR;
				GCC_WARN_UNDECLARED_SELECTOR = YES;
				GCC_WARN_UNINITIALIZED_AUTOS = YES_AGGRESSIVE;
				GCC_WARN_UNUSED_FUNCTION = YES;
				GCC_WARN_UNUSED_VARIABLE = YES;
				IPHONEOS_DEPLOYMENT_TARGET = 18.0;
				LOCALIZATION_PREFERS_STRING_CATALOGS = YES;
				MTL_ENABLE_DEBUG_INFO = NO;
				MTL_FAST_MATH = YES;
				SDKROOT = iphoneos;
				SWIFT_COMPILATION_MODE = wholemodule;
				VALIDATE_PRODUCT = YES;
			};
			name = Release;
		};
		927DCA032CC1609E00E3C9AA /* Debug */ = {
			isa = XCBuildConfiguration;
			buildSettings = {
				ASSETCATALOG_COMPILER_APPICON_NAME = AppIcon;
				ASSETCATALOG_COMPILER_GLOBAL_ACCENT_COLOR_NAME = AccentColor;
				CODE_SIGN_STYLE = Automatic;
				CURRENT_PROJECT_VERSION = 1;
				DEVELOPMENT_ASSET_PATHS = "\"SwiftUI-superHero/Preview Content\"";
				DEVELOPMENT_TEAM = XDF9466Y46;
				ENABLE_PREVIEWS = YES;
				GENERATE_INFOPLIST_FILE = YES;
				INFOPLIST_KEY_UIApplicationSceneManifest_Generation = YES;
				INFOPLIST_KEY_UIApplicationSupportsIndirectInputEvents = YES;
				INFOPLIST_KEY_UILaunchScreen_Generation = YES;
				INFOPLIST_KEY_UISupportedInterfaceOrientations_iPad = "UIInterfaceOrientationPortrait UIInterfaceOrientationPortraitUpsideDown UIInterfaceOrientationLandscapeLeft UIInterfaceOrientationLandscapeRight";
				INFOPLIST_KEY_UISupportedInterfaceOrientations_iPhone = "UIInterfaceOrientationPortrait UIInterfaceOrientationLandscapeLeft UIInterfaceOrientationLandscapeRight";
				LD_RUNPATH_SEARCH_PATHS = (
					"$(inherited)",
					"@executable_path/Frameworks",
				);
				MARKETING_VERSION = 1.0;
				PRODUCT_BUNDLE_IDENTIFIER = "com.EnisUzun.SwiftUI-superHero";
				PRODUCT_NAME = "$(TARGET_NAME)";
				SWIFT_EMIT_LOC_STRINGS = YES;
				SWIFT_VERSION = 5.0;
				TARGETED_DEVICE_FAMILY = "1,2";
			};
			name = Debug;
		};
		927DCA042CC1609E00E3C9AA /* Release */ = {
			isa = XCBuildConfiguration;
			buildSettings = {
				ASSETCATALOG_COMPILER_APPICON_NAME = AppIcon;
				ASSETCATALOG_COMPILER_GLOBAL_ACCENT_COLOR_NAME = AccentColor;
				CODE_SIGN_STYLE = Automatic;
				CURRENT_PROJECT_VERSION = 1;
				DEVELOPMENT_ASSET_PATHS = "\"SwiftUI-superHero/Preview Content\"";
				DEVELOPMENT_TEAM = XDF9466Y46;
				ENABLE_PREVIEWS = YES;
				GENERATE_INFOPLIST_FILE = YES;
				INFOPLIST_KEY_UIApplicationSceneManifest_Generation = YES;
				INFOPLIST_KEY_UIApplicationSupportsIndirectInputEvents = YES;
				INFOPLIST_KEY_UILaunchScreen_Generation = YES;
				INFOPLIST_KEY_UISupportedInterfaceOrientations_iPad = "UIInterfaceOrientationPortrait UIInterfaceOrientationPortraitUpsideDown UIInterfaceOrientationLandscapeLeft UIInterfaceOrientationLandscapeRight";
				INFOPLIST_KEY_UISupportedInterfaceOrientations_iPhone = "UIInterfaceOrientationPortrait UIInterfaceOrientationLandscapeLeft UIInterfaceOrientationLandscapeRight";
				LD_RUNPATH_SEARCH_PATHS = (
					"$(inherited)",
					"@executable_path/Frameworks",
				);
				MARKETING_VERSION = 1.0;
				PRODUCT_BUNDLE_IDENTIFIER = "com.EnisUzun.SwiftUI-superHero";
				PRODUCT_NAME = "$(TARGET_NAME)";
				SWIFT_EMIT_LOC_STRINGS = YES;
				SWIFT_VERSION = 5.0;
				TARGETED_DEVICE_FAMILY = "1,2";
			};
			name = Release;
		};
		927DCA062CC1609E00E3C9AA /* Debug */ = {
			isa = XCBuildConfiguration;
			buildSettings = {
				BUNDLE_LOADER = "$(TEST_HOST)";
				CODE_SIGN_STYLE = Automatic;
				CURRENT_PROJECT_VERSION = 1;
				DEVELOPMENT_TEAM = XDF9466Y46;
				GENERATE_INFOPLIST_FILE = YES;
				IPHONEOS_DEPLOYMENT_TARGET = 18.0;
				MARKETING_VERSION = 1.0;
				PRODUCT_BUNDLE_IDENTIFIER = "com.EnisUzun.SwiftUI-superHeroTests";
				PRODUCT_NAME = "$(TARGET_NAME)";
				SWIFT_EMIT_LOC_STRINGS = NO;
				SWIFT_VERSION = 5.0;
				TARGETED_DEVICE_FAMILY = "1,2";
				TEST_HOST = "$(BUILT_PRODUCTS_DIR)/SwiftUI-superHero.app/$(BUNDLE_EXECUTABLE_FOLDER_PATH)/SwiftUI-superHero";
			};
			name = Debug;
		};
		927DCA072CC1609E00E3C9AA /* Release */ = {
			isa = XCBuildConfiguration;
			buildSettings = {
				BUNDLE_LOADER = "$(TEST_HOST)";
				CODE_SIGN_STYLE = Automatic;
				CURRENT_PROJECT_VERSION = 1;
				DEVELOPMENT_TEAM = XDF9466Y46;
				GENERATE_INFOPLIST_FILE = YES;
				IPHONEOS_DEPLOYMENT_TARGET = 18.0;
				MARKETING_VERSION = 1.0;
				PRODUCT_BUNDLE_IDENTIFIER = "com.EnisUzun.SwiftUI-superHeroTests";
				PRODUCT_NAME = "$(TARGET_NAME)";
				SWIFT_EMIT_LOC_STRINGS = NO;
				SWIFT_VERSION = 5.0;
				TARGETED_DEVICE_FAMILY = "1,2";
				TEST_HOST = "$(BUILT_PRODUCTS_DIR)/SwiftUI-superHero.app/$(BUNDLE_EXECUTABLE_FOLDER_PATH)/SwiftUI-superHero";
			};
			name = Release;
		};
		927DCA092CC1609E00E3C9AA /* Debug */ = {
			isa = XCBuildConfiguration;
			buildSettings = {
				CODE_SIGN_STYLE = Automatic;
				CURRENT_PROJECT_VERSION = 1;
				DEVELOPMENT_TEAM = XDF9466Y46;
				GENERATE_INFOPLIST_FILE = YES;
				MARKETING_VERSION = 1.0;
				PRODUCT_BUNDLE_IDENTIFIER = "com.EnisUzun.SwiftUI-superHeroUITests";
				PRODUCT_NAME = "$(TARGET_NAME)";
				SWIFT_EMIT_LOC_STRINGS = NO;
				SWIFT_VERSION = 5.0;
				TARGETED_DEVICE_FAMILY = "1,2";
				TEST_TARGET_NAME = "SwiftUI-superHero";
			};
			name = Debug;
		};
		927DCA0A2CC1609E00E3C9AA /* Release */ = {
			isa = XCBuildConfiguration;
			buildSettings = {
				CODE_SIGN_STYLE = Automatic;
				CURRENT_PROJECT_VERSION = 1;
				DEVELOPMENT_TEAM = XDF9466Y46;
				GENERATE_INFOPLIST_FILE = YES;
				MARKETING_VERSION = 1.0;
				PRODUCT_BUNDLE_IDENTIFIER = "com.EnisUzun.SwiftUI-superHeroUITests";
				PRODUCT_NAME = "$(TARGET_NAME)";
				SWIFT_EMIT_LOC_STRINGS = NO;
				SWIFT_VERSION = 5.0;
				TARGETED_DEVICE_FAMILY = "1,2";
				TEST_TARGET_NAME = "SwiftUI-superHero";
			};
			name = Release;
		};
/* End XCBuildConfiguration section */

/* Begin XCConfigurationList section */
		927DC9D92CC1609D00E3C9AA /* Build configuration list for PBXProject "SwiftUI-superHero" */ = {
			isa = XCConfigurationList;
			buildConfigurations = (
				927DCA002CC1609E00E3C9AA /* Debug */,
				927DCA012CC1609E00E3C9AA /* Release */,
			);
			defaultConfigurationIsVisible = 0;
			defaultConfigurationName = Release;
		};
		927DCA022CC1609E00E3C9AA /* Build configuration list for PBXNativeTarget "SwiftUI-superHero" */ = {
			isa = XCConfigurationList;
			buildConfigurations = (
				927DCA032CC1609E00E3C9AA /* Debug */,
				927DCA042CC1609E00E3C9AA /* Release */,
			);
			defaultConfigurationIsVisible = 0;
			defaultConfigurationName = Release;
		};
		927DCA052CC1609E00E3C9AA /* Build configuration list for PBXNativeTarget "SwiftUI-superHeroTests" */ = {
			isa = XCConfigurationList;
			buildConfigurations = (
				927DCA062CC1609E00E3C9AA /* Debug */,
				927DCA072CC1609E00E3C9AA /* Release */,
			);
			defaultConfigurationIsVisible = 0;
			defaultConfigurationName = Release;
		};
		927DCA082CC1609E00E3C9AA /* Build configuration list for PBXNativeTarget "SwiftUI-superHeroUITests" */ = {
			isa = XCConfigurationList;
			buildConfigurations = (
				927DCA092CC1609E00E3C9AA /* Debug */,
				927DCA0A2CC1609E00E3C9AA /* Release */,
			);
			defaultConfigurationIsVisible = 0;
			defaultConfigurationName = Release;
		};
/* End XCConfigurationList section */
	};
	rootObject = 927DC9D62CC1609D00E3C9AA /* Project object */;
}
